// !$*UTF8*$!
{
	archiveVersion = 1;
	classes = {
	};
	objectVersion = 50;
	objects = {

/* Begin PBXBuildFile section */
		23EDC45664A009C7E538B5C0 /* Pods_Book_Scan_Book_ScanUITests.framework in Frameworks */ = {isa = PBXBuildFile; fileRef = 938291031C4CE09C38FD1364 /* Pods_Book_Scan_Book_ScanUITests.framework */; };
		27F2E36424114FC00045A0F9 /* Constants.swift in Sources */ = {isa = PBXBuildFile; fileRef = 27F2E36324114FC00045A0F9 /* Constants.swift */; };
		27F2E367241151120045A0F9 /* BSSingleResultViewContainer.swift in Sources */ = {isa = PBXBuildFile; fileRef = 27F2E366241151120045A0F9 /* BSSingleResultViewContainer.swift */; };
		27F2E36D241152440045A0F9 /* UIViewController+Ext.swift in Sources */ = {isa = PBXBuildFile; fileRef = 27F2E36C241152440045A0F9 /* UIViewController+Ext.swift */; };
		27F2E3722411ADFB0045A0F9 /* BSSingleResultViewController.swift in Sources */ = {isa = PBXBuildFile; fileRef = 27F2E3712411ADFB0045A0F9 /* BSSingleResultViewController.swift */; };
		27F2E3742411AE3F0045A0F9 /* BSItemResultView.swift in Sources */ = {isa = PBXBuildFile; fileRef = 27F2E3732411AE3F0045A0F9 /* BSItemResultView.swift */; };
		27F2E37724125C4E0045A0F9 /* BSItemResultImage.swift in Sources */ = {isa = PBXBuildFile; fileRef = 27F2E37624125C4E0045A0F9 /* BSItemResultImage.swift */; };
		27F2E37A24125C9E0045A0F9 /* BSTitlteLabel.swift in Sources */ = {isa = PBXBuildFile; fileRef = 27F2E37924125C9E0045A0F9 /* BSTitlteLabel.swift */; };
		27F2E37C24125D630045A0F9 /* BSScoreLabel.swift in Sources */ = {isa = PBXBuildFile; fileRef = 27F2E37B24125D630045A0F9 /* BSScoreLabel.swift */; };
		27F2E37E24125F040045A0F9 /* UIView+Ext.swift in Sources */ = {isa = PBXBuildFile; fileRef = 27F2E37D24125F040045A0F9 /* UIView+Ext.swift */; };
		27F2E3812412838C0045A0F9 /* NetworkManager.swift in Sources */ = {isa = PBXBuildFile; fileRef = 27F2E3802412838C0045A0F9 /* NetworkManager.swift */; };
		27F2E384241287A00045A0F9 /* Book.swift in Sources */ = {isa = PBXBuildFile; fileRef = 27F2E383241287A00045A0F9 /* Book.swift */; };
		27FDB4D324112C74005C14CF /* AppDelegate.swift in Sources */ = {isa = PBXBuildFile; fileRef = 27FDB4D224112C74005C14CF /* AppDelegate.swift */; };
		27FDB4D524112C74005C14CF /* SceneDelegate.swift in Sources */ = {isa = PBXBuildFile; fileRef = 27FDB4D424112C74005C14CF /* SceneDelegate.swift */; };
		27FDB4DD24112C74005C14CF /* Book_Scan.xcdatamodeld in Sources */ = {isa = PBXBuildFile; fileRef = 27FDB4DB24112C74005C14CF /* Book_Scan.xcdatamodeld */; };
		27FDB4DF24112C75005C14CF /* Assets.xcassets in Resources */ = {isa = PBXBuildFile; fileRef = 27FDB4DE24112C75005C14CF /* Assets.xcassets */; };
		27FDB4E224112C75005C14CF /* LaunchScreen.storyboard in Resources */ = {isa = PBXBuildFile; fileRef = 27FDB4E024112C75005C14CF /* LaunchScreen.storyboard */; };
		27FDB4ED24112C76005C14CF /* Book_ScanTests.swift in Sources */ = {isa = PBXBuildFile; fileRef = 27FDB4EC24112C76005C14CF /* Book_ScanTests.swift */; };
		27FDB4F824112C76005C14CF /* Book_ScanUITests.swift in Sources */ = {isa = PBXBuildFile; fileRef = 27FDB4F724112C76005C14CF /* Book_ScanUITests.swift */; };
		27FDB509241145BF005C14CF /* ScanViewController.swift in Sources */ = {isa = PBXBuildFile; fileRef = 27FDB508241145BF005C14CF /* ScanViewController.swift */; };
		27FDB50B241145CD005C14CF /* FavoritesViewController.swift in Sources */ = {isa = PBXBuildFile; fileRef = 27FDB50A241145CD005C14CF /* FavoritesViewController.swift */; };
		27FDB50E241145F6005C14CF /* BSTabBarController.swift in Sources */ = {isa = PBXBuildFile; fileRef = 27FDB50D241145F6005C14CF /* BSTabBarController.swift */; };
		27FDB51324114BF7005C14CF /* BSSearchController.swift in Sources */ = {isa = PBXBuildFile; fileRef = 27FDB51224114BF7005C14CF /* BSSearchController.swift */; };
		A0DBB95A815131F41ADA709F /* Pods_Book_ScanTests.framework in Frameworks */ = {isa = PBXBuildFile; fileRef = 0F26796DFDB97026B5E75F44 /* Pods_Book_ScanTests.framework */; };
		F447A61B8CB313E3F8070099 /* Pods_Book_Scan.framework in Frameworks */ = {isa = PBXBuildFile; fileRef = 3F34C624E9E742C1F041D05F /* Pods_Book_Scan.framework */; };
/* End PBXBuildFile section */

/* Begin PBXContainerItemProxy section */
		27FDB4E924112C76005C14CF /* PBXContainerItemProxy */ = {
			isa = PBXContainerItemProxy;
			containerPortal = 27FDB4C724112C74005C14CF /* Project object */;
			proxyType = 1;
			remoteGlobalIDString = 27FDB4CE24112C74005C14CF;
			remoteInfo = "Book-Scan";
		};
		27FDB4F424112C76005C14CF /* PBXContainerItemProxy */ = {
			isa = PBXContainerItemProxy;
			containerPortal = 27FDB4C724112C74005C14CF /* Project object */;
			proxyType = 1;
			remoteGlobalIDString = 27FDB4CE24112C74005C14CF;
			remoteInfo = "Book-Scan";
		};
/* End PBXContainerItemProxy section */

/* Begin PBXFileReference section */
		0F26796DFDB97026B5E75F44 /* Pods_Book_ScanTests.framework */ = {isa = PBXFileReference; explicitFileType = wrapper.framework; includeInIndex = 0; path = Pods_Book_ScanTests.framework; sourceTree = BUILT_PRODUCTS_DIR; };
		15AE4A7789D2DBD854D83CFF /* Pods-Book-ScanTests.debug.xcconfig */ = {isa = PBXFileReference; includeInIndex = 1; lastKnownFileType = text.xcconfig; name = "Pods-Book-ScanTests.debug.xcconfig"; path = "Pods/Target Support Files/Pods-Book-ScanTests/Pods-Book-ScanTests.debug.xcconfig"; sourceTree = "<group>"; };
		27F2E36324114FC00045A0F9 /* Constants.swift */ = {isa = PBXFileReference; lastKnownFileType = sourcecode.swift; path = Constants.swift; sourceTree = "<group>"; };
		27F2E366241151120045A0F9 /* BSSingleResultViewContainer.swift */ = {isa = PBXFileReference; lastKnownFileType = sourcecode.swift; path = BSSingleResultViewContainer.swift; sourceTree = "<group>"; };
		27F2E36C241152440045A0F9 /* UIViewController+Ext.swift */ = {isa = PBXFileReference; lastKnownFileType = sourcecode.swift; path = "UIViewController+Ext.swift"; sourceTree = "<group>"; };
		27F2E3712411ADFB0045A0F9 /* BSSingleResultViewController.swift */ = {isa = PBXFileReference; lastKnownFileType = sourcecode.swift; path = BSSingleResultViewController.swift; sourceTree = "<group>"; };
		27F2E3732411AE3F0045A0F9 /* BSItemResultView.swift */ = {isa = PBXFileReference; lastKnownFileType = sourcecode.swift; path = BSItemResultView.swift; sourceTree = "<group>"; };
		27F2E37624125C4E0045A0F9 /* BSItemResultImage.swift */ = {isa = PBXFileReference; lastKnownFileType = sourcecode.swift; path = BSItemResultImage.swift; sourceTree = "<group>"; };
		27F2E37924125C9E0045A0F9 /* BSTitlteLabel.swift */ = {isa = PBXFileReference; lastKnownFileType = sourcecode.swift; path = BSTitlteLabel.swift; sourceTree = "<group>"; };
		27F2E37B24125D630045A0F9 /* BSScoreLabel.swift */ = {isa = PBXFileReference; lastKnownFileType = sourcecode.swift; path = BSScoreLabel.swift; sourceTree = "<group>"; };
		27F2E37D24125F040045A0F9 /* UIView+Ext.swift */ = {isa = PBXFileReference; lastKnownFileType = sourcecode.swift; path = "UIView+Ext.swift"; sourceTree = "<group>"; };
		27F2E3802412838C0045A0F9 /* NetworkManager.swift */ = {isa = PBXFileReference; lastKnownFileType = sourcecode.swift; path = NetworkManager.swift; sourceTree = "<group>"; };
		27F2E383241287A00045A0F9 /* Book.swift */ = {isa = PBXFileReference; lastKnownFileType = sourcecode.swift; path = Book.swift; sourceTree = "<group>"; };
		27FDB4CF24112C74005C14CF /* Book-Scan.app */ = {isa = PBXFileReference; explicitFileType = wrapper.application; includeInIndex = 0; path = "Book-Scan.app"; sourceTree = BUILT_PRODUCTS_DIR; };
		27FDB4D224112C74005C14CF /* AppDelegate.swift */ = {isa = PBXFileReference; lastKnownFileType = sourcecode.swift; path = AppDelegate.swift; sourceTree = "<group>"; };
		27FDB4D424112C74005C14CF /* SceneDelegate.swift */ = {isa = PBXFileReference; lastKnownFileType = sourcecode.swift; path = SceneDelegate.swift; sourceTree = "<group>"; };
		27FDB4DC24112C74005C14CF /* Book_Scan.xcdatamodel */ = {isa = PBXFileReference; lastKnownFileType = wrapper.xcdatamodel; path = Book_Scan.xcdatamodel; sourceTree = "<group>"; };
		27FDB4DE24112C75005C14CF /* Assets.xcassets */ = {isa = PBXFileReference; lastKnownFileType = folder.assetcatalog; path = Assets.xcassets; sourceTree = "<group>"; };
		27FDB4E124112C75005C14CF /* Base */ = {isa = PBXFileReference; lastKnownFileType = file.storyboard; name = Base; path = Base.lproj/LaunchScreen.storyboard; sourceTree = "<group>"; };
		27FDB4E324112C75005C14CF /* Info.plist */ = {isa = PBXFileReference; lastKnownFileType = text.plist.xml; path = Info.plist; sourceTree = "<group>"; };
		27FDB4E824112C76005C14CF /* Book-ScanTests.xctest */ = {isa = PBXFileReference; explicitFileType = wrapper.cfbundle; includeInIndex = 0; path = "Book-ScanTests.xctest"; sourceTree = BUILT_PRODUCTS_DIR; };
		27FDB4EC24112C76005C14CF /* Book_ScanTests.swift */ = {isa = PBXFileReference; lastKnownFileType = sourcecode.swift; path = Book_ScanTests.swift; sourceTree = "<group>"; };
		27FDB4EE24112C76005C14CF /* Info.plist */ = {isa = PBXFileReference; lastKnownFileType = text.plist.xml; path = Info.plist; sourceTree = "<group>"; };
		27FDB4F324112C76005C14CF /* Book-ScanUITests.xctest */ = {isa = PBXFileReference; explicitFileType = wrapper.cfbundle; includeInIndex = 0; path = "Book-ScanUITests.xctest"; sourceTree = BUILT_PRODUCTS_DIR; };
		27FDB4F724112C76005C14CF /* Book_ScanUITests.swift */ = {isa = PBXFileReference; lastKnownFileType = sourcecode.swift; path = Book_ScanUITests.swift; sourceTree = "<group>"; };
		27FDB4F924112C76005C14CF /* Info.plist */ = {isa = PBXFileReference; lastKnownFileType = text.plist.xml; path = Info.plist; sourceTree = "<group>"; };
		27FDB508241145BF005C14CF /* ScanViewController.swift */ = {isa = PBXFileReference; lastKnownFileType = sourcecode.swift; path = ScanViewController.swift; sourceTree = "<group>"; };
		27FDB50A241145CD005C14CF /* FavoritesViewController.swift */ = {isa = PBXFileReference; lastKnownFileType = sourcecode.swift; path = FavoritesViewController.swift; sourceTree = "<group>"; };
		27FDB50D241145F6005C14CF /* BSTabBarController.swift */ = {isa = PBXFileReference; lastKnownFileType = sourcecode.swift; path = BSTabBarController.swift; sourceTree = "<group>"; };
		27FDB51224114BF7005C14CF /* BSSearchController.swift */ = {isa = PBXFileReference; lastKnownFileType = sourcecode.swift; path = BSSearchController.swift; sourceTree = "<group>"; };
		3F34C624E9E742C1F041D05F /* Pods_Book_Scan.framework */ = {isa = PBXFileReference; explicitFileType = wrapper.framework; includeInIndex = 0; path = Pods_Book_Scan.framework; sourceTree = BUILT_PRODUCTS_DIR; };
		416D827F670D397F10EA7CF3 /* Pods-Book-Scan-Book-ScanUITests.debug.xcconfig */ = {isa = PBXFileReference; includeInIndex = 1; lastKnownFileType = text.xcconfig; name = "Pods-Book-Scan-Book-ScanUITests.debug.xcconfig"; path = "Pods/Target Support Files/Pods-Book-Scan-Book-ScanUITests/Pods-Book-Scan-Book-ScanUITests.debug.xcconfig"; sourceTree = "<group>"; };
		63303EC2DADD3FD0D04CB530 /* Pods-Book-Scan.release.xcconfig */ = {isa = PBXFileReference; includeInIndex = 1; lastKnownFileType = text.xcconfig; name = "Pods-Book-Scan.release.xcconfig"; path = "Pods/Target Support Files/Pods-Book-Scan/Pods-Book-Scan.release.xcconfig"; sourceTree = "<group>"; };
		938291031C4CE09C38FD1364 /* Pods_Book_Scan_Book_ScanUITests.framework */ = {isa = PBXFileReference; explicitFileType = wrapper.framework; includeInIndex = 0; path = Pods_Book_Scan_Book_ScanUITests.framework; sourceTree = BUILT_PRODUCTS_DIR; };
		9A2AF2474F34B2FB9C44DF83 /* Pods-Book-Scan-Book-ScanUITests.release.xcconfig */ = {isa = PBXFileReference; includeInIndex = 1; lastKnownFileType = text.xcconfig; name = "Pods-Book-Scan-Book-ScanUITests.release.xcconfig"; path = "Pods/Target Support Files/Pods-Book-Scan-Book-ScanUITests/Pods-Book-Scan-Book-ScanUITests.release.xcconfig"; sourceTree = "<group>"; };
		9CCB3AB0F719132AAAB0C4A1 /* Pods-Book-ScanTests.release.xcconfig */ = {isa = PBXFileReference; includeInIndex = 1; lastKnownFileType = text.xcconfig; name = "Pods-Book-ScanTests.release.xcconfig"; path = "Pods/Target Support Files/Pods-Book-ScanTests/Pods-Book-ScanTests.release.xcconfig"; sourceTree = "<group>"; };
		C07708FB3F2EF472A9381B6C /* Pods-Book-Scan.debug.xcconfig */ = {isa = PBXFileReference; includeInIndex = 1; lastKnownFileType = text.xcconfig; name = "Pods-Book-Scan.debug.xcconfig"; path = "Pods/Target Support Files/Pods-Book-Scan/Pods-Book-Scan.debug.xcconfig"; sourceTree = "<group>"; };
/* End PBXFileReference section */

/* Begin PBXFrameworksBuildPhase section */
		27FDB4CC24112C74005C14CF /* Frameworks */ = {
			isa = PBXFrameworksBuildPhase;
			buildActionMask = 2147483647;
			files = (
				F447A61B8CB313E3F8070099 /* Pods_Book_Scan.framework in Frameworks */,
			);
			runOnlyForDeploymentPostprocessing = 0;
		};
		27FDB4E524112C76005C14CF /* Frameworks */ = {
			isa = PBXFrameworksBuildPhase;
			buildActionMask = 2147483647;
			files = (
				A0DBB95A815131F41ADA709F /* Pods_Book_ScanTests.framework in Frameworks */,
			);
			runOnlyForDeploymentPostprocessing = 0;
		};
		27FDB4F024112C76005C14CF /* Frameworks */ = {
			isa = PBXFrameworksBuildPhase;
			buildActionMask = 2147483647;
			files = (
				23EDC45664A009C7E538B5C0 /* Pods_Book_Scan_Book_ScanUITests.framework in Frameworks */,
			);
			runOnlyForDeploymentPostprocessing = 0;
		};
/* End PBXFrameworksBuildPhase section */

/* Begin PBXGroup section */
		27F2E36224114FB50045A0F9 /* Utilities */ = {
			isa = PBXGroup;
			children = (
				27F2E36324114FC00045A0F9 /* Constants.swift */,
			);
			path = Utilities;
			sourceTree = "<group>";
		};
		27F2E365241150F10045A0F9 /* Views */ = {
			isa = PBXGroup;
			children = (
				27F2E366241151120045A0F9 /* BSSingleResultViewContainer.swift */,
				27F2E3732411AE3F0045A0F9 /* BSItemResultView.swift */,
			);
			path = Views;
			sourceTree = "<group>";
		};
		27F2E368241151510045A0F9 /* View Controllers */ = {
			isa = PBXGroup;
			children = (
				27FDB50D241145F6005C14CF /* BSTabBarController.swift */,
				27FDB51224114BF7005C14CF /* BSSearchController.swift */,
				27F2E3712411ADFB0045A0F9 /* BSSingleResultViewController.swift */,
			);
			path = "View Controllers";
			sourceTree = "<group>";
		};
		27F2E36B2411523C0045A0F9 /* Extensions */ = {
			isa = PBXGroup;
			children = (
				27F2E36C241152440045A0F9 /* UIViewController+Ext.swift */,
				27F2E37D24125F040045A0F9 /* UIView+Ext.swift */,
			);
			path = Extensions;
			sourceTree = "<group>";
		};
		27F2E37524125C230045A0F9 /* Image Views */ = {
			isa = PBXGroup;
			children = (
				27F2E37624125C4E0045A0F9 /* BSItemResultImage.swift */,
			);
			path = "Image Views";
			sourceTree = "<group>";
		};
		27F2E37824125C6C0045A0F9 /* Labels */ = {
			isa = PBXGroup;
			children = (
				27F2E37924125C9E0045A0F9 /* BSTitlteLabel.swift */,
				27F2E37B24125D630045A0F9 /* BSScoreLabel.swift */,
			);
			path = Labels;
			sourceTree = "<group>";
		};
		27F2E37F241283820045A0F9 /* Managers */ = {
			isa = PBXGroup;
			children = (
				27F2E3802412838C0045A0F9 /* NetworkManager.swift */,
			);
			path = Managers;
			sourceTree = "<group>";
		};
		27F2E3822412878D0045A0F9 /* Models */ = {
			isa = PBXGroup;
			children = (
				27F2E383241287A00045A0F9 /* Book.swift */,
			);
			path = Models;
			sourceTree = "<group>";
		};
		27FDB4C624112C74005C14CF = {
			isa = PBXGroup;
			children = (
				27FDB4D124112C74005C14CF /* Book-Scan */,
				27FDB4EB24112C76005C14CF /* Book-ScanTests */,
				27FDB4F624112C76005C14CF /* Book-ScanUITests */,
				27FDB4D024112C74005C14CF /* Products */,
				2E2FE608531BD9CA78FB8054 /* Pods */,
				6708FD85B0C67EBA5F039CAD /* Frameworks */,
			);
			sourceTree = "<group>";
		};
		27FDB4D024112C74005C14CF /* Products */ = {
			isa = PBXGroup;
			children = (
				27FDB4CF24112C74005C14CF /* Book-Scan.app */,
				27FDB4E824112C76005C14CF /* Book-ScanTests.xctest */,
				27FDB4F324112C76005C14CF /* Book-ScanUITests.xctest */,
			);
			name = Products;
			sourceTree = "<group>";
		};
		27FDB4D124112C74005C14CF /* Book-Scan */ = {
			isa = PBXGroup;
			children = (
				27F2E3822412878D0045A0F9 /* Models */,
				27F2E37F241283820045A0F9 /* Managers */,
				27F2E36B2411523C0045A0F9 /* Extensions */,
				27F2E36224114FB50045A0F9 /* Utilities */,
				27FDB507241145A7005C14CF /* Custom Views */,
				27FDB50624114598005C14CF /* Screens */,
				27FDB5052411458C005C14CF /* Support */,
				27FDB4E324112C75005C14CF /* Info.plist */,
				27FDB4DB24112C74005C14CF /* Book_Scan.xcdatamodeld */,
			);
			path = "Book-Scan";
			sourceTree = "<group>";
		};
		27FDB4EB24112C76005C14CF /* Book-ScanTests */ = {
			isa = PBXGroup;
			children = (
				27FDB4EC24112C76005C14CF /* Book_ScanTests.swift */,
				27FDB4EE24112C76005C14CF /* Info.plist */,
			);
			path = "Book-ScanTests";
			sourceTree = "<group>";
		};
		27FDB4F624112C76005C14CF /* Book-ScanUITests */ = {
			isa = PBXGroup;
			children = (
				27FDB4F724112C76005C14CF /* Book_ScanUITests.swift */,
				27FDB4F924112C76005C14CF /* Info.plist */,
			);
			path = "Book-ScanUITests";
			sourceTree = "<group>";
		};
		27FDB5052411458C005C14CF /* Support */ = {
			isa = PBXGroup;
			children = (
				27FDB4D224112C74005C14CF /* AppDelegate.swift */,
				27FDB4D424112C74005C14CF /* SceneDelegate.swift */,
				27FDB4DE24112C75005C14CF /* Assets.xcassets */,
				27FDB4E024112C75005C14CF /* LaunchScreen.storyboard */,
			);
			path = Support;
			sourceTree = "<group>";
		};
		27FDB50624114598005C14CF /* Screens */ = {
			isa = PBXGroup;
			children = (
				27FDB50A241145CD005C14CF /* FavoritesViewController.swift */,
				27FDB508241145BF005C14CF /* ScanViewController.swift */,
			);
			path = Screens;
			sourceTree = "<group>";
		};
		27FDB507241145A7005C14CF /* Custom Views */ = {
			isa = PBXGroup;
			children = (
				27F2E37824125C6C0045A0F9 /* Labels */,
				27F2E37524125C230045A0F9 /* Image Views */,
				27F2E368241151510045A0F9 /* View Controllers */,
				27F2E365241150F10045A0F9 /* Views */,
			);
			path = "Custom Views";
			sourceTree = "<group>";
		};
		2E2FE608531BD9CA78FB8054 /* Pods */ = {
			isa = PBXGroup;
			children = (
				C07708FB3F2EF472A9381B6C /* Pods-Book-Scan.debug.xcconfig */,
				63303EC2DADD3FD0D04CB530 /* Pods-Book-Scan.release.xcconfig */,
				416D827F670D397F10EA7CF3 /* Pods-Book-Scan-Book-ScanUITests.debug.xcconfig */,
				9A2AF2474F34B2FB9C44DF83 /* Pods-Book-Scan-Book-ScanUITests.release.xcconfig */,
				15AE4A7789D2DBD854D83CFF /* Pods-Book-ScanTests.debug.xcconfig */,
				9CCB3AB0F719132AAAB0C4A1 /* Pods-Book-ScanTests.release.xcconfig */,
			);
			name = Pods;
			sourceTree = "<group>";
		};
		6708FD85B0C67EBA5F039CAD /* Frameworks */ = {
			isa = PBXGroup;
			children = (
				3F34C624E9E742C1F041D05F /* Pods_Book_Scan.framework */,
				938291031C4CE09C38FD1364 /* Pods_Book_Scan_Book_ScanUITests.framework */,
				0F26796DFDB97026B5E75F44 /* Pods_Book_ScanTests.framework */,
			);
			name = Frameworks;
			sourceTree = "<group>";
		};
/* End PBXGroup section */

/* Begin PBXNativeTarget section */
		27FDB4CE24112C74005C14CF /* Book-Scan */ = {
			isa = PBXNativeTarget;
			buildConfigurationList = 27FDB4FC24112C76005C14CF /* Build configuration list for PBXNativeTarget "Book-Scan" */;
			buildPhases = (
				0E709E1D70F1DF7EC7CE4BE5 /* [CP] Check Pods Manifest.lock */,
				27FDB4CB24112C74005C14CF /* Sources */,
				27FDB4CC24112C74005C14CF /* Frameworks */,
				27FDB4CD24112C74005C14CF /* Resources */,
				EB89C843B0E28272B8D8CC3D /* [CP] Embed Pods Frameworks */,
			);
			buildRules = (
			);
			dependencies = (
			);
			name = "Book-Scan";
			productName = "Book-Scan";
			productReference = 27FDB4CF24112C74005C14CF /* Book-Scan.app */;
			productType = "com.apple.product-type.application";
		};
		27FDB4E724112C76005C14CF /* Book-ScanTests */ = {
			isa = PBXNativeTarget;
			buildConfigurationList = 27FDB4FF24112C76005C14CF /* Build configuration list for PBXNativeTarget "Book-ScanTests" */;
			buildPhases = (
				BA4B0AD48F6EFD6B40A16559 /* [CP] Check Pods Manifest.lock */,
				27FDB4E424112C76005C14CF /* Sources */,
				27FDB4E524112C76005C14CF /* Frameworks */,
				27FDB4E624112C76005C14CF /* Resources */,
			);
			buildRules = (
			);
			dependencies = (
				27FDB4EA24112C76005C14CF /* PBXTargetDependency */,
			);
			name = "Book-ScanTests";
			productName = "Book-ScanTests";
			productReference = 27FDB4E824112C76005C14CF /* Book-ScanTests.xctest */;
			productType = "com.apple.product-type.bundle.unit-test";
		};
		27FDB4F224112C76005C14CF /* Book-ScanUITests */ = {
			isa = PBXNativeTarget;
			buildConfigurationList = 27FDB50224112C76005C14CF /* Build configuration list for PBXNativeTarget "Book-ScanUITests" */;
			buildPhases = (
				C2F782CE46AC12778FFC8F26 /* [CP] Check Pods Manifest.lock */,
				27FDB4EF24112C76005C14CF /* Sources */,
				27FDB4F024112C76005C14CF /* Frameworks */,
				27FDB4F124112C76005C14CF /* Resources */,
				47FE7189FF98310A42EC0EB4 /* [CP] Embed Pods Frameworks */,
			);
			buildRules = (
			);
			dependencies = (
				27FDB4F524112C76005C14CF /* PBXTargetDependency */,
			);
			name = "Book-ScanUITests";
			productName = "Book-ScanUITests";
			productReference = 27FDB4F324112C76005C14CF /* Book-ScanUITests.xctest */;
			productType = "com.apple.product-type.bundle.ui-testing";
		};
/* End PBXNativeTarget section */

/* Begin PBXProject section */
		27FDB4C724112C74005C14CF /* Project object */ = {
			isa = PBXProject;
			attributes = {
				LastSwiftUpdateCheck = 1130;
				LastUpgradeCheck = 1130;
				ORGANIZATIONNAME = "Miguel Teixeira";
				TargetAttributes = {
					27FDB4CE24112C74005C14CF = {
						CreatedOnToolsVersion = 11.3.1;
					};
					27FDB4E724112C76005C14CF = {
						CreatedOnToolsVersion = 11.3.1;
						TestTargetID = 27FDB4CE24112C74005C14CF;
					};
					27FDB4F224112C76005C14CF = {
						CreatedOnToolsVersion = 11.3.1;
						TestTargetID = 27FDB4CE24112C74005C14CF;
					};
				};
			};
			buildConfigurationList = 27FDB4CA24112C74005C14CF /* Build configuration list for PBXProject "Book-Scan" */;
			compatibilityVersion = "Xcode 9.3";
			developmentRegion = en;
			hasScannedForEncodings = 0;
			knownRegions = (
				en,
				Base,
			);
			mainGroup = 27FDB4C624112C74005C14CF;
			productRefGroup = 27FDB4D024112C74005C14CF /* Products */;
			projectDirPath = "";
			projectRoot = "";
			targets = (
				27FDB4CE24112C74005C14CF /* Book-Scan */,
				27FDB4E724112C76005C14CF /* Book-ScanTests */,
				27FDB4F224112C76005C14CF /* Book-ScanUITests */,
			);
		};
/* End PBXProject section */

/* Begin PBXResourcesBuildPhase section */
		27FDB4CD24112C74005C14CF /* Resources */ = {
			isa = PBXResourcesBuildPhase;
			buildActionMask = 2147483647;
			files = (
				27FDB4E224112C75005C14CF /* LaunchScreen.storyboard in Resources */,
				27FDB4DF24112C75005C14CF /* Assets.xcassets in Resources */,
			);
			runOnlyForDeploymentPostprocessing = 0;
		};
		27FDB4E624112C76005C14CF /* Resources */ = {
			isa = PBXResourcesBuildPhase;
			buildActionMask = 2147483647;
			files = (
			);
			runOnlyForDeploymentPostprocessing = 0;
		};
		27FDB4F124112C76005C14CF /* Resources */ = {
			isa = PBXResourcesBuildPhase;
			buildActionMask = 2147483647;
			files = (
			);
			runOnlyForDeploymentPostprocessing = 0;
		};
/* End PBXResourcesBuildPhase section */

/* Begin PBXShellScriptBuildPhase section */
		0E709E1D70F1DF7EC7CE4BE5 /* [CP] Check Pods Manifest.lock */ = {
			isa = PBXShellScriptBuildPhase;
			buildActionMask = 2147483647;
			files = (
			);
			inputPaths = (
				"${PODS_PODFILE_DIR_PATH}/Podfile.lock",
				"${PODS_ROOT}/Manifest.lock",
			);
			name = "[CP] Check Pods Manifest.lock";
			outputPaths = (
				"$(DERIVED_FILE_DIR)/Pods-Book-Scan-checkManifestLockResult.txt",
			);
			runOnlyForDeploymentPostprocessing = 0;
			shellPath = /bin/sh;
			shellScript = "diff \"${PODS_PODFILE_DIR_PATH}/Podfile.lock\" \"${PODS_ROOT}/Manifest.lock\" > /dev/null\nif [ $? != 0 ] ; then\n    # print error to STDERR\n    echo \"error: The sandbox is not in sync with the Podfile.lock. Run 'pod install' or update your CocoaPods installation.\" >&2\n    exit 1\nfi\n# This output is used by Xcode 'outputs' to avoid re-running this script phase.\necho \"SUCCESS\" > \"${SCRIPT_OUTPUT_FILE_0}\"\n";
			showEnvVarsInLog = 0;
		};
		47FE7189FF98310A42EC0EB4 /* [CP] Embed Pods Frameworks */ = {
			isa = PBXShellScriptBuildPhase;
			buildActionMask = 2147483647;
			files = (
			);
			inputPaths = (
				"${SRCROOT}/Pods/Target Support Files/Pods-Book-Scan-Book-ScanUITests/Pods-Book-Scan-Book-ScanUITests-frameworks.sh",
				"${BUILT_PRODUCTS_DIR}/SWXMLHash/SWXMLHash.framework",
			);
			name = "[CP] Embed Pods Frameworks";
			outputPaths = (
				"${TARGET_BUILD_DIR}/${FRAMEWORKS_FOLDER_PATH}/SWXMLHash.framework",
			);
			runOnlyForDeploymentPostprocessing = 0;
			shellPath = /bin/sh;
			shellScript = "\"${SRCROOT}/Pods/Target Support Files/Pods-Book-Scan-Book-ScanUITests/Pods-Book-Scan-Book-ScanUITests-frameworks.sh\"\n";
			showEnvVarsInLog = 0;
		};
		BA4B0AD48F6EFD6B40A16559 /* [CP] Check Pods Manifest.lock */ = {
			isa = PBXShellScriptBuildPhase;
			buildActionMask = 2147483647;
			files = (
			);
			inputPaths = (
				"${PODS_PODFILE_DIR_PATH}/Podfile.lock",
				"${PODS_ROOT}/Manifest.lock",
			);
			name = "[CP] Check Pods Manifest.lock";
			outputPaths = (
				"$(DERIVED_FILE_DIR)/Pods-Book-ScanTests-checkManifestLockResult.txt",
			);
			runOnlyForDeploymentPostprocessing = 0;
			shellPath = /bin/sh;
			shellScript = "diff \"${PODS_PODFILE_DIR_PATH}/Podfile.lock\" \"${PODS_ROOT}/Manifest.lock\" > /dev/null\nif [ $? != 0 ] ; then\n    # print error to STDERR\n    echo \"error: The sandbox is not in sync with the Podfile.lock. Run 'pod install' or update your CocoaPods installation.\" >&2\n    exit 1\nfi\n# This output is used by Xcode 'outputs' to avoid re-running this script phase.\necho \"SUCCESS\" > \"${SCRIPT_OUTPUT_FILE_0}\"\n";
			showEnvVarsInLog = 0;
		};
		C2F782CE46AC12778FFC8F26 /* [CP] Check Pods Manifest.lock */ = {
			isa = PBXShellScriptBuildPhase;
			buildActionMask = 2147483647;
			files = (
			);
			inputPaths = (
				"${PODS_PODFILE_DIR_PATH}/Podfile.lock",
				"${PODS_ROOT}/Manifest.lock",
			);
			name = "[CP] Check Pods Manifest.lock";
			outputPaths = (
				"$(DERIVED_FILE_DIR)/Pods-Book-Scan-Book-ScanUITests-checkManifestLockResult.txt",
			);
			runOnlyForDeploymentPostprocessing = 0;
			shellPath = /bin/sh;
			shellScript = "diff \"${PODS_PODFILE_DIR_PATH}/Podfile.lock\" \"${PODS_ROOT}/Manifest.lock\" > /dev/null\nif [ $? != 0 ] ; then\n    # print error to STDERR\n    echo \"error: The sandbox is not in sync with the Podfile.lock. Run 'pod install' or update your CocoaPods installation.\" >&2\n    exit 1\nfi\n# This output is used by Xcode 'outputs' to avoid re-running this script phase.\necho \"SUCCESS\" > \"${SCRIPT_OUTPUT_FILE_0}\"\n";
			showEnvVarsInLog = 0;
		};
		EB89C843B0E28272B8D8CC3D /* [CP] Embed Pods Frameworks */ = {
			isa = PBXShellScriptBuildPhase;
			buildActionMask = 2147483647;
			files = (
			);
			inputPaths = (
				"${SRCROOT}/Pods/Target Support Files/Pods-Book-Scan/Pods-Book-Scan-frameworks.sh",
				"${BUILT_PRODUCTS_DIR}/SWXMLHash/SWXMLHash.framework",
			);
			name = "[CP] Embed Pods Frameworks";
			outputPaths = (
				"${TARGET_BUILD_DIR}/${FRAMEWORKS_FOLDER_PATH}/SWXMLHash.framework",
			);
			runOnlyForDeploymentPostprocessing = 0;
			shellPath = /bin/sh;
			shellScript = "\"${SRCROOT}/Pods/Target Support Files/Pods-Book-Scan/Pods-Book-Scan-frameworks.sh\"\n";
			showEnvVarsInLog = 0;
		};
/* End PBXShellScriptBuildPhase section */

/* Begin PBXSourcesBuildPhase section */
		27FDB4CB24112C74005C14CF /* Sources */ = {
			isa = PBXSourcesBuildPhase;
			buildActionMask = 2147483647;
			files = (
				27FDB50E241145F6005C14CF /* BSTabBarController.swift in Sources */,
				27F2E3722411ADFB0045A0F9 /* BSSingleResultViewController.swift in Sources */,
				27FDB51324114BF7005C14CF /* BSSearchController.swift in Sources */,
				27FDB4DD24112C74005C14CF /* Book_Scan.xcdatamodeld in Sources */,
				27F2E37C24125D630045A0F9 /* BSScoreLabel.swift in Sources */,
				27F2E367241151120045A0F9 /* BSSingleResultViewContainer.swift in Sources */,
				27FDB509241145BF005C14CF /* ScanViewController.swift in Sources */,
				27FDB4D324112C74005C14CF /* AppDelegate.swift in Sources */,
				27F2E3742411AE3F0045A0F9 /* BSItemResultView.swift in Sources */,
				27FDB50B241145CD005C14CF /* FavoritesViewController.swift in Sources */,
				27F2E3812412838C0045A0F9 /* NetworkManager.swift in Sources */,
				27FDB4D524112C74005C14CF /* SceneDelegate.swift in Sources */,
				27F2E37E24125F040045A0F9 /* UIView+Ext.swift in Sources */,
				27F2E37A24125C9E0045A0F9 /* BSTitlteLabel.swift in Sources */,
				27F2E384241287A00045A0F9 /* Book.swift in Sources */,
				27F2E37724125C4E0045A0F9 /* BSItemResultImage.swift in Sources */,
				27F2E36D241152440045A0F9 /* UIViewController+Ext.swift in Sources */,
				27F2E36424114FC00045A0F9 /* Constants.swift in Sources */,
			);
			runOnlyForDeploymentPostprocessing = 0;
		};
		27FDB4E424112C76005C14CF /* Sources */ = {
			isa = PBXSourcesBuildPhase;
			buildActionMask = 2147483647;
			files = (
				27FDB4ED24112C76005C14CF /* Book_ScanTests.swift in Sources */,
			);
			runOnlyForDeploymentPostprocessing = 0;
		};
		27FDB4EF24112C76005C14CF /* Sources */ = {
			isa = PBXSourcesBuildPhase;
			buildActionMask = 2147483647;
			files = (
				27FDB4F824112C76005C14CF /* Book_ScanUITests.swift in Sources */,
			);
			runOnlyForDeploymentPostprocessing = 0;
		};
/* End PBXSourcesBuildPhase section */

/* Begin PBXTargetDependency section */
		27FDB4EA24112C76005C14CF /* PBXTargetDependency */ = {
			isa = PBXTargetDependency;
			target = 27FDB4CE24112C74005C14CF /* Book-Scan */;
			targetProxy = 27FDB4E924112C76005C14CF /* PBXContainerItemProxy */;
		};
		27FDB4F524112C76005C14CF /* PBXTargetDependency */ = {
			isa = PBXTargetDependency;
			target = 27FDB4CE24112C74005C14CF /* Book-Scan */;
			targetProxy = 27FDB4F424112C76005C14CF /* PBXContainerItemProxy */;
		};
/* End PBXTargetDependency section */

/* Begin PBXVariantGroup section */
		27FDB4E024112C75005C14CF /* LaunchScreen.storyboard */ = {
			isa = PBXVariantGroup;
			children = (
				27FDB4E124112C75005C14CF /* Base */,
			);
			name = LaunchScreen.storyboard;
			sourceTree = "<group>";
		};
/* End PBXVariantGroup section */

/* Begin XCBuildConfiguration section */
		27FDB4FA24112C76005C14CF /* Debug */ = {
			isa = XCBuildConfiguration;
			buildSettings = {
				ALWAYS_SEARCH_USER_PATHS = NO;
				CLANG_ANALYZER_NONNULL = YES;
				CLANG_ANALYZER_NUMBER_OBJECT_CONVERSION = YES_AGGRESSIVE;
				CLANG_CXX_LANGUAGE_STANDARD = "gnu++14";
				CLANG_CXX_LIBRARY = "libc++";
				CLANG_ENABLE_MODULES = YES;
				CLANG_ENABLE_OBJC_ARC = YES;
				CLANG_ENABLE_OBJC_WEAK = YES;
				CLANG_WARN_BLOCK_CAPTURE_AUTORELEASING = YES;
				CLANG_WARN_BOOL_CONVERSION = YES;
				CLANG_WARN_COMMA = YES;
				CLANG_WARN_CONSTANT_CONVERSION = YES;
				CLANG_WARN_DEPRECATED_OBJC_IMPLEMENTATIONS = YES;
				CLANG_WARN_DIRECT_OBJC_ISA_USAGE = YES_ERROR;
				CLANG_WARN_DOCUMENTATION_COMMENTS = YES;
				CLANG_WARN_EMPTY_BODY = YES;
				CLANG_WARN_ENUM_CONVERSION = YES;
				CLANG_WARN_INFINITE_RECURSION = YES;
				CLANG_WARN_INT_CONVERSION = YES;
				CLANG_WARN_NON_LITERAL_NULL_CONVERSION = YES;
				CLANG_WARN_OBJC_IMPLICIT_RETAIN_SELF = YES;
				CLANG_WARN_OBJC_LITERAL_CONVERSION = YES;
				CLANG_WARN_OBJC_ROOT_CLASS = YES_ERROR;
				CLANG_WARN_RANGE_LOOP_ANALYSIS = YES;
				CLANG_WARN_STRICT_PROTOTYPES = YES;
				CLANG_WARN_SUSPICIOUS_MOVE = YES;
				CLANG_WARN_UNGUARDED_AVAILABILITY = YES_AGGRESSIVE;
				CLANG_WARN_UNREACHABLE_CODE = YES;
				CLANG_WARN__DUPLICATE_METHOD_MATCH = YES;
				COPY_PHASE_STRIP = NO;
				DEBUG_INFORMATION_FORMAT = dwarf;
				ENABLE_STRICT_OBJC_MSGSEND = YES;
				ENABLE_TESTABILITY = YES;
				GCC_C_LANGUAGE_STANDARD = gnu11;
				GCC_DYNAMIC_NO_PIC = NO;
				GCC_NO_COMMON_BLOCKS = YES;
				GCC_OPTIMIZATION_LEVEL = 0;
				GCC_PREPROCESSOR_DEFINITIONS = (
					"DEBUG=1",
					"$(inherited)",
				);
				GCC_WARN_64_TO_32_BIT_CONVERSION = YES;
				GCC_WARN_ABOUT_RETURN_TYPE = YES_ERROR;
				GCC_WARN_UNDECLARED_SELECTOR = YES;
				GCC_WARN_UNINITIALIZED_AUTOS = YES_AGGRESSIVE;
				GCC_WARN_UNUSED_FUNCTION = YES;
				GCC_WARN_UNUSED_VARIABLE = YES;
				IPHONEOS_DEPLOYMENT_TARGET = 13.2;
				MTL_ENABLE_DEBUG_INFO = INCLUDE_SOURCE;
				MTL_FAST_MATH = YES;
				ONLY_ACTIVE_ARCH = YES;
				SDKROOT = iphoneos;
				SWIFT_ACTIVE_COMPILATION_CONDITIONS = DEBUG;
				SWIFT_OPTIMIZATION_LEVEL = "-Onone";
			};
			name = Debug;
		};
		27FDB4FB24112C76005C14CF /* Release */ = {
			isa = XCBuildConfiguration;
			buildSettings = {
				ALWAYS_SEARCH_USER_PATHS = NO;
				CLANG_ANALYZER_NONNULL = YES;
				CLANG_ANALYZER_NUMBER_OBJECT_CONVERSION = YES_AGGRESSIVE;
				CLANG_CXX_LANGUAGE_STANDARD = "gnu++14";
				CLANG_CXX_LIBRARY = "libc++";
				CLANG_ENABLE_MODULES = YES;
				CLANG_ENABLE_OBJC_ARC = YES;
				CLANG_ENABLE_OBJC_WEAK = YES;
				CLANG_WARN_BLOCK_CAPTURE_AUTORELEASING = YES;
				CLANG_WARN_BOOL_CONVERSION = YES;
				CLANG_WARN_COMMA = YES;
				CLANG_WARN_CONSTANT_CONVERSION = YES;
				CLANG_WARN_DEPRECATED_OBJC_IMPLEMENTATIONS = YES;
				CLANG_WARN_DIRECT_OBJC_ISA_USAGE = YES_ERROR;
				CLANG_WARN_DOCUMENTATION_COMMENTS = YES;
				CLANG_WARN_EMPTY_BODY = YES;
				CLANG_WARN_ENUM_CONVERSION = YES;
				CLANG_WARN_INFINITE_RECURSION = YES;
				CLANG_WARN_INT_CONVERSION = YES;
				CLANG_WARN_NON_LITERAL_NULL_CONVERSION = YES;
				CLANG_WARN_OBJC_IMPLICIT_RETAIN_SELF = YES;
				CLANG_WARN_OBJC_LITERAL_CONVERSION = YES;
				CLANG_WARN_OBJC_ROOT_CLASS = YES_ERROR;
				CLANG_WARN_RANGE_LOOP_ANALYSIS = YES;
				CLANG_WARN_STRICT_PROTOTYPES = YES;
				CLANG_WARN_SUSPICIOUS_MOVE = YES;
				CLANG_WARN_UNGUARDED_AVAILABILITY = YES_AGGRESSIVE;
				CLANG_WARN_UNREACHABLE_CODE = YES;
				CLANG_WARN__DUPLICATE_METHOD_MATCH = YES;
				COPY_PHASE_STRIP = NO;
				DEBUG_INFORMATION_FORMAT = "dwarf-with-dsym";
				ENABLE_NS_ASSERTIONS = NO;
				ENABLE_STRICT_OBJC_MSGSEND = YES;
				GCC_C_LANGUAGE_STANDARD = gnu11;
				GCC_NO_COMMON_BLOCKS = YES;
				GCC_WARN_64_TO_32_BIT_CONVERSION = YES;
				GCC_WARN_ABOUT_RETURN_TYPE = YES_ERROR;
				GCC_WARN_UNDECLARED_SELECTOR = YES;
				GCC_WARN_UNINITIALIZED_AUTOS = YES_AGGRESSIVE;
				GCC_WARN_UNUSED_FUNCTION = YES;
				GCC_WARN_UNUSED_VARIABLE = YES;
				IPHONEOS_DEPLOYMENT_TARGET = 13.2;
				MTL_ENABLE_DEBUG_INFO = NO;
				MTL_FAST_MATH = YES;
				SDKROOT = iphoneos;
				SWIFT_COMPILATION_MODE = wholemodule;
				SWIFT_OPTIMIZATION_LEVEL = "-O";
				VALIDATE_PRODUCT = YES;
			};
			name = Release;
		};
		27FDB4FD24112C76005C14CF /* Debug */ = {
			isa = XCBuildConfiguration;
			baseConfigurationReference = C07708FB3F2EF472A9381B6C /* Pods-Book-Scan.debug.xcconfig */;
			buildSettings = {
				ASSETCATALOG_COMPILER_APPICON_NAME = AppIcon;
				CODE_SIGN_STYLE = Automatic;
				DEVELOPMENT_TEAM = U5QL3W6RAW;
				INFOPLIST_FILE = "Book-Scan/Info.plist";
				LD_RUNPATH_SEARCH_PATHS = (
					"$(inherited)",
					"@executable_path/Frameworks",
				);
				PRODUCT_BUNDLE_IDENTIFIER = "org.mteixeira88.Book-Scan";
				PRODUCT_NAME = "$(TARGET_NAME)";
				SWIFT_VERSION = 5.0;
				TARGETED_DEVICE_FAMILY = "1,2";
			};
			name = Debug;
		};
		27FDB4FE24112C76005C14CF /* Release */ = {
			isa = XCBuildConfiguration;
			baseConfigurationReference = 63303EC2DADD3FD0D04CB530 /* Pods-Book-Scan.release.xcconfig */;
			buildSettings = {
				ASSETCATALOG_COMPILER_APPICON_NAME = AppIcon;
				CODE_SIGN_STYLE = Automatic;
				DEVELOPMENT_TEAM = U5QL3W6RAW;
				INFOPLIST_FILE = "Book-Scan/Info.plist";
				LD_RUNPATH_SEARCH_PATHS = (
					"$(inherited)",
					"@executable_path/Frameworks",
				);
				PRODUCT_BUNDLE_IDENTIFIER = "org.mteixeira88.Book-Scan";
				PRODUCT_NAME = "$(TARGET_NAME)";
				SWIFT_VERSION = 5.0;
				TARGETED_DEVICE_FAMILY = "1,2";
			};
			name = Release;
		};
		27FDB50024112C76005C14CF /* Debug */ = {
			isa = XCBuildConfiguration;
			baseConfigurationReference = 15AE4A7789D2DBD854D83CFF /* Pods-Book-ScanTests.debug.xcconfig */;
			buildSettings = {
				ALWAYS_EMBED_SWIFT_STANDARD_LIBRARIES = YES;
				BUNDLE_LOADER = "$(TEST_HOST)";
				CODE_SIGN_STYLE = Automatic;
				DEVELOPMENT_TEAM = U5QL3W6RAW;
				INFOPLIST_FILE = "Book-ScanTests/Info.plist";
				IPHONEOS_DEPLOYMENT_TARGET = 13.2;
				LD_RUNPATH_SEARCH_PATHS = (
					"$(inherited)",
					"@executable_path/Frameworks",
					"@loader_path/Frameworks",
				);
				PRODUCT_BUNDLE_IDENTIFIER = "org.mteixeira88.Book-ScanTests";
				PRODUCT_NAME = "$(TARGET_NAME)";
				SWIFT_VERSION = 5.0;
				TARGETED_DEVICE_FAMILY = "1,2";
				TEST_HOST = "$(BUILT_PRODUCTS_DIR)/Book-Scan.app/Book-Scan";
			};
			name = Debug;
		};
		27FDB50124112C76005C14CF /* Release */ = {
			isa = XCBuildConfiguration;
			baseConfigurationReference = 9CCB3AB0F719132AAAB0C4A1 /* Pods-Book-ScanTests.release.xcconfig */;
			buildSettings = {
				ALWAYS_EMBED_SWIFT_STANDARD_LIBRARIES = YES;
				BUNDLE_LOADER = "$(TEST_HOST)";
				CODE_SIGN_STYLE = Automatic;
				DEVELOPMENT_TEAM = U5QL3W6RAW;
				INFOPLIST_FILE = "Book-ScanTests/Info.plist";
				IPHONEOS_DEPLOYMENT_TARGET = 13.2;
				LD_RUNPATH_SEARCH_PATHS = (
					"$(inherited)",
					"@executable_path/Frameworks",
					"@loader_path/Frameworks",
				);
				PRODUCT_BUNDLE_IDENTIFIER = "org.mteixeira88.Book-ScanTests";
				PRODUCT_NAME = "$(TARGET_NAME)";
				SWIFT_VERSION = 5.0;
				TARGETED_DEVICE_FAMILY = "1,2";
				TEST_HOST = "$(BUILT_PRODUCTS_DIR)/Book-Scan.app/Book-Scan";
			};
			name = Release;
		};
		27FDB50324112C76005C14CF /* Debug */ = {
			isa = XCBuildConfiguration;
			baseConfigurationReference = 416D827F670D397F10EA7CF3 /* Pods-Book-Scan-Book-ScanUITests.debug.xcconfig */;
			buildSettings = {
				ALWAYS_EMBED_SWIFT_STANDARD_LIBRARIES = YES;
				CODE_SIGN_STYLE = Automatic;
				DEVELOPMENT_TEAM = U5QL3W6RAW;
				INFOPLIST_FILE = "Book-ScanUITests/Info.plist";
				LD_RUNPATH_SEARCH_PATHS = (
					"$(inherited)",
					"@executable_path/Frameworks",
					"@loader_path/Frameworks",
				);
				PRODUCT_BUNDLE_IDENTIFIER = "org.mteixeira88.Book-ScanUITests";
				PRODUCT_NAME = "$(TARGET_NAME)";
				SWIFT_VERSION = 5.0;
				TARGETED_DEVICE_FAMILY = "1,2";
				TEST_TARGET_NAME = "Book-Scan";
			};
			name = Debug;
		};
		27FDB50424112C76005C14CF /* Release */ = {
			isa = XCBuildConfiguration;
			baseConfigurationReference = 9A2AF2474F34B2FB9C44DF83 /* Pods-Book-Scan-Book-ScanUITests.release.xcconfig */;
			buildSettings = {
				ALWAYS_EMBED_SWIFT_STANDARD_LIBRARIES = YES;
				CODE_SIGN_STYLE = Automatic;
				DEVELOPMENT_TEAM = U5QL3W6RAW;
				INFOPLIST_FILE = "Book-ScanUITests/Info.plist";
				LD_RUNPATH_SEARCH_PATHS = (
					"$(inherited)",
					"@executable_path/Frameworks",
					"@loader_path/Frameworks",
				);
				PRODUCT_BUNDLE_IDENTIFIER = "org.mteixeira88.Book-ScanUITests";
				PRODUCT_NAME = "$(TARGET_NAME)";
				SWIFT_VERSION = 5.0;
				TARGETED_DEVICE_FAMILY = "1,2";
				TEST_TARGET_NAME = "Book-Scan";
			};
			name = Release;
		};
/* End XCBuildConfiguration section */

/* Begin XCConfigurationList section */
		27FDB4CA24112C74005C14CF /* Build configuration list for PBXProject "Book-Scan" */ = {
			isa = XCConfigurationList;
			buildConfigurations = (
				27FDB4FA24112C76005C14CF /* Debug */,
				27FDB4FB24112C76005C14CF /* Release */,
			);
			defaultConfigurationIsVisible = 0;
			defaultConfigurationName = Release;
		};
		27FDB4FC24112C76005C14CF /* Build configuration list for PBXNativeTarget "Book-Scan" */ = {
			isa = XCConfigurationList;
			buildConfigurations = (
				27FDB4FD24112C76005C14CF /* Debug */,
				27FDB4FE24112C76005C14CF /* Release */,
			);
			defaultConfigurationIsVisible = 0;
			defaultConfigurationName = Release;
		};
		27FDB4FF24112C76005C14CF /* Build configuration list for PBXNativeTarget "Book-ScanTests" */ = {
			isa = XCConfigurationList;
			buildConfigurations = (
				27FDB50024112C76005C14CF /* Debug */,
				27FDB50124112C76005C14CF /* Release */,
			);
			defaultConfigurationIsVisible = 0;
			defaultConfigurationName = Release;
		};
		27FDB50224112C76005C14CF /* Build configuration list for PBXNativeTarget "Book-ScanUITests" */ = {
			isa = XCConfigurationList;
			buildConfigurations = (
				27FDB50324112C76005C14CF /* Debug */,
				27FDB50424112C76005C14CF /* Release */,
			);
			defaultConfigurationIsVisible = 0;
			defaultConfigurationName = Release;
		};
/* End XCConfigurationList section */

/* Begin XCVersionGroup section */
		27FDB4DB24112C74005C14CF /* Book_Scan.xcdatamodeld */ = {
			isa = XCVersionGroup;
			children = (
				27FDB4DC24112C74005C14CF /* Book_Scan.xcdatamodel */,
			);
			currentVersion = 27FDB4DC24112C74005C14CF /* Book_Scan.xcdatamodel */;
			path = Book_Scan.xcdatamodeld;
			sourceTree = "<group>";
			versionGroupType = wrapper.xcdatamodel;
		};
/* End XCVersionGroup section */
	};
	rootObject = 27FDB4C724112C74005C14CF /* Project object */;
}
